version: 7
platforms:
- name: linux-64
  virtual-packages:
  - __unix=0=0
  - __linux=4.18
  - __glibc=2.28
  - __archspec=0=x86_64
environments:
  default:
    channels:
    - url: https://conda.anaconda.org/conda-forge/
    indexes:
    - https://pypi.org/simple
    packages:
      linux-64:
      - conda: https://conda.anaconda.org/conda-forge/linux-64/_openmp_mutex-4.5-20_gnu.conda
      - conda: https://conda.anaconda.org/conda-forge/linux-64/aria2-1.37.0-h4b33fff_4.conda
      - conda: https://conda.anaconda.org/conda-forge/linux-64/bzip2-1.0.8-hda65f42_10.conda
      - conda: https://conda.anaconda.org/conda-forge/linux-64/c-ares-1.34.8-hebe6cf0_2.conda
      - conda: https://conda.anaconda.org/conda-forge/linux-64/icu-78.3-py310h44b86e0_2.conda
      - conda: https://conda.anaconda.org/conda-forge/linux-64/ld_impl_linux-64-2.46.1-default_hbd61a6d_102.conda
      - conda: https://conda.anaconda.org/conda-forge/linux-64/libexpat-2.8.1-hecca717_1.conda
      - conda: https://conda.anaconda.org/conda-forge/linux-64/libffi-3.7.0-h3435931_0.conda
      - conda: https://conda.anaconda.org/conda-forge/linux-64/libgcc-16.1.0-ha9f2e26_3.conda
      - conda: https://conda.anaconda.org/conda-forge/linux-64/libgomp-16.1.0-he0feb66_3.conda
      - conda: https://conda.anaconda.org/conda-forge/linux-64/libiconv-1.18-h0cb94f2_3.conda
      - conda: https://conda.anaconda.org/conda-forge/linux-64/liblzma-5.8.3-hb03c661_1.conda
      - conda: https://conda.anaconda.org/conda-forge/linux-64/libnsl-2.0.1-hb9d3cd8_1.conda
      - conda: https://conda.anaconda.org/conda-forge/linux-64/libsqlite-3.53.4-h13e7031_1.conda
      - conda: https://conda.anaconda.org/conda-forge/linux-64/libssh2-1.11.1-h6154650_1.conda
      - conda: https://conda.anaconda.org/conda-forge/linux-64/libstdcxx-16.1.0-h934c35e_3.conda
      - conda: https://conda.anaconda.org/conda-forge/linux-64/libuuid-2.42.2-h5347b49_0.conda
      - conda: https://conda.anaconda.org/conda-forge/linux-64/libxcrypt-4.4.38-h280c20c_0.conda
      - conda: https://conda.anaconda.org/conda-forge/linux-64/libxml2-16-2.15.3-hca6bf5a_1.conda
      - conda: https://conda.anaconda.org/conda-forge/linux-64/libxml2-2.15.3-h49c6c72_1.conda
      - conda: https://conda.anaconda.org/conda-forge/linux-64/libzlib-1.3.2-h25fd6f3_3.conda
      - conda: https://conda.anaconda.org/conda-forge/linux-64/ncurses-6.6-hdb14827_1.conda
      - conda: https://conda.anaconda.org/conda-forge/linux-64/openssl-3.6.3-h35e630c_1.conda
      - conda: https://conda.anaconda.org/conda-forge/linux-64/python-3.12.14-h8ab3286_0_cpython.conda
      - conda: https://conda.anaconda.org/conda-forge/linux-64/readline-8.3-hd6e31c0_1.conda
      - conda: https://conda.anaconda.org/conda-forge/linux-64/tk-8.6.13-noxft_h1df4ec4_4.conda
      - conda: https://conda.anaconda.org/conda-forge/linux-64/zstd-1.5.7-hb78ec9c_7.conda
      - conda: https://conda.anaconda.org/conda-forge/noarch/ca-certificates-2026.7.22-hbd8a1cb_0.conda
      - conda: https://conda.anaconda.org/conda-forge/noarch/pixi-pycharm-0.0.12-unix_hf108a03_0.conda
      - conda: https://conda.anaconda.org/conda-forge/noarch/tzdata-2026c-h151e31d_0.conda
      - pypi: ./
      - pypi: https://files.pythonhosted.org/packages/14/15/5574111ae50dd6e879456888c0eadd4c5a869959775854e18e18a6b345f3/propcache-0.5.2-cp312-cp312-manylinux2014_x86_64.manylinux_2_17_x86_64.manylinux_2_28_x86_64.whl
      - pypi: https://files.pythonhosted.org/packages/19/71/39c7c0d87f8d4e6c020a393182060eaefeeae6c01dab6a84ec346f2567df/rich-13.9.4-py3-none-any.whl
      - pypi: https://files.pythonhosted.org/packages/1a/41/19c65578ef9a54b3083253c68a607f099642747168fe00f3a2bceb7c3a34/peewee-3.19.0-py3-none-any.whl
      - pypi: https://files.pythonhosted.org/packages/49/d3/b8441a820a491ddfc024b0b0cf0393375b75ea13866d9c66727e54c2fc80/typing_extensions-4.16.0-py3-none-any.whl
      - pypi: https://files.pythonhosted.org/packages/52/b7/7cd31f29d6055bd711ae6e669367fba6f5ae9de463910a793e30556a8db7/aiohttp-3.14.3-cp312-cp312-manylinux2014_x86_64.manylinux_2_17_x86_64.manylinux_2_28_x86_64.whl
      - pypi: https://files.pythonhosted.org/packages/57/b0/0e52c878c53f245edd3a11020f20979b3f490f245af532c7cae3027754b5/idna-3.19-py3-none-any.whl
      - pypi: https://files.pythonhosted.org/packages/64/b4/17d4b0b2a2dc85a6df63d1157e028ed19f90d4cd97c36717afef2bc2f395/attrs-26.1.0-py3-none-any.whl
      - pypi: https://files.pythonhosted.org/packages/6a/bd/d91c5e39f490a49df14320f4e8c80161cfcce09f1e2cde1edd16a551abb3/frozenlist-1.8.0-cp312-cp312-manylinux1_x86_64.manylinux_2_28_x86_64.manylinux_2_5_x86_64.whl
      - pypi: https://files.pythonhosted.org/packages/71/43/1947f06babed6b3f1d7f38b0c767f52df66bfb2bc10b468c4a7de9eceff2/aiohappyeyeballs-2.7.1-py3-none-any.whl
      - pypi: https://files.pythonhosted.org/packages/71/46/17f022dd3e953bf20a04a028a21ec746d942f8d2af30fa0f124fa0e6a684/pygments-2.21.0-py3-none-any.whl
      - pypi: https://files.pythonhosted.org/packages/8b/9d/b3589d3877982d4f2329302ef98a8026e7f4443c765c46cfecc8858c6b4b/pyyaml-6.0.3-cp312-cp312-manylinux2014_x86_64.manylinux_2_17_x86_64.manylinux_2_28_x86_64.whl
      - pypi: https://files.pythonhosted.org/packages/8d/85/699be9823e7c0a617efdf576d5bd38d85e7dccaed7d8caad4f854be53f44/quickxorhash-1.0.5.tar.gz
      - pypi: https://files.pythonhosted.org/packages/a0/3d/e871f4a8c7a5737acb8de006c25698c81e496b57940d725a8c3779a4242b/aioaria2-1.3.7-py3-none-any.whl
      - pypi: https://files.pythonhosted.org/packages/b3/38/89ba8ad64ae25be8de66a6d463314cf1eb366222074cfda9ee839c56a4b4/mdurl-0.1.2-py3-none-any.whl
      - pypi: https://files.pythonhosted.org/packages/b3/81/4da04ced5a082363ecfa159c010d200ecbd959ae410c10c0264a38cac0f5/markdown_it_py-4.2.0-py3-none-any.whl
      - pypi: https://files.pythonhosted.org/packages/bc/8a/340a1555ae33d7354dbca4faa54948d76d89a27ceef032c8c3bc661d003e/aiofiles-25.1.0-py3-none-any.whl
      - pypi: https://files.pythonhosted.org/packages/d6/d0/d56c859b8222116f5d68459199f48359e0bf121b6f65a69bf329b3602ba0/yarl-1.24.5-cp312-cp312-manylinux2014_x86_64.manylinux_2_17_x86_64.manylinux_2_28_x86_64.whl
      - pypi: https://files.pythonhosted.org/packages/f3/8d/5e5be3ced1d12966fefb5c4ea3b2a5b480afcea36406559442c6e31d4a48/multidict-6.7.1-cp312-cp312-manylinux2014_x86_64.manylinux_2_17_x86_64.manylinux_2_28_x86_64.whl
      - pypi: https://files.pythonhosted.org/packages/f3/ba/df6e8e1045aebc4778d19b8a3a9bc1808adb1619ba94ca354d9ba17d86c3/aiolimiter-1.2.1-py3-none-any.whl
      - pypi: https://files.pythonhosted.org/packages/fb/76/641ae371508676492379f16e2fa48f4e2c11741bd63c48be4b12a6b09cba/aiosignal-1.4.0-py3-none-any.whl
packages:
- conda: https://conda.anaconda.org/conda-forge/linux-64/_openmp_mutex-4.5-20_gnu.conda
  build_number: 20
  sha256: 1dd3fffd892081df9726d7eb7e0dea6198962ba775bd88842135a4ddb4deb3c9
  md5: a9f577daf3de00bca7c3c76c0ecbd1de
  depends:
  - __glibc >=2.17,<3.0.a0
  - libgomp >=7.5.0
  constrains:
  - openmp_impl <0.0a0
  license: BSD-3-Clause
  license_family: BSD
  purls: []
  run_exports:
    strong:
    - _openmp_mutex >=4.5
  size: 28948
  timestamp: 1770939786096
- conda: https://conda.anaconda.org/conda-forge/linux-64/aria2-1.37.0-h4b33fff_4.conda
  sha256: a57932dfc4252f58772dfe8b6cef4b88ce76119474c3f405812628983a40ca66
  md5: 95fb49dd7b23d4e788da61095ec258de
  depends:
  - libstdcxx >=14
  - libgcc >=14
  - __glibc >=2.17,<3.0.a0
  - c-ares >=1.34.6,<2.0a0
  - libxml2
  - libxml2-16 >=2.15.2
  - openssl >=3.5.6,<4.0a0
  - libsqlite >=3.53.0,<4.0a0
  - libzlib >=1.3.2,<2.0a0
  - libssh2 >=1.11.1,<2.0a0
  license: GPL-2.0-only
  license_family: GPL
  purls: []
  run_exports: {}
  size: 1829525
  timestamp: 1775760709970
- conda: https://conda.anaconda.org/conda-forge/linux-64/bzip2-1.0.8-hda65f42_10.conda
  sha256: 1a0d382c515ebf55f8ee1f38c8b81bc95af5c2acc42ad53b66bc5df932032f96
  md5: e675fabcf81499adc7edf58124fb1e01
  depends:
  - __glibc >=2.17,<3.0.a0
  - libgcc >=14
  license: bzip2-1.0.6
  license_family: BSD
  purls: []
  run_exports:
    weak:
    - bzip2 >=1.0.8,<2.0a0
  size: 257808
  timestamp: 1785906269155
- conda: https://conda.anaconda.org/conda-forge/linux-64/c-ares-1.34.8-hebe6cf0_2.conda
  sha256: 9c37cc233238adf366ea75b0e845662a5be07ceadf62e458183516369340274b
  md5: 3ad2b403be8fc5612b9159e2ce621f69
  depends:
  - libgcc >=15
  - __glibc >=2.17,<3.0.a0
  license: MIT
  license_family: MIT
  purls: []
  run_exports:
    weak:
    - c-ares >=1.34.8,<2.0a0
  size: 228700
  timestamp: 1787169971173
- conda: https://conda.anaconda.org/conda-forge/linux-64/icu-78.3-py310h44b86e0_2.conda
  sha256: 9f07834f0c546ab14d885ce0366285f61f44e326c0edd1fc63b8294e113ae432
  md5: 72a381cbad04f24b1c2a43ef707f45b4
  depends:
  - __glibc >=2.17,<3.0.a0
  - libstdcxx >=14
  - libgcc >=14
  license: MIT
  license_family: MIT
  purls: []
  run_exports:
    weak:
    - icu >=78.3,<79.0a0
  size: 14459115
  timestamp: 1786545741408
- conda: https://conda.anaconda.org/conda-forge/linux-64/ld_impl_linux-64-2.46.1-default_hbd61a6d_102.conda
  sha256: 27d83f1188cd19bcb7754a078b3fa7f4cfb8527f8eb2fde54dd01fc529d1adec
  md5: 449500f2c089da11c40f5c21312e3e07
  depends:
  - __glibc >=2.17,<3.0.a0
  - zstd >=1.5.7,<1.6.0a0
  constrains:
  - binutils_impl_linux-64 2.46.1
  license: GPL-3.0-only
  license_family: GPL
  purls: []
  run_exports: {}
  size: 745303
  timestamp: 1784214507189
- conda: https://conda.anaconda.org/conda-forge/linux-64/libexpat-2.8.1-hecca717_1.conda
  sha256: 16feffd9ddbbe5b718515d38ee376c685ba95491cd901244e24671d20b952a77
  md5: b24d3c612f71e7aa74158d92106318b2
  depends:
  - __glibc >=2.17,<3.0.a0
  - libgcc >=14
  constrains:
  - expat 2.8.1.*
  license: MIT
  license_family: MIT
  purls: []
  run_exports: {}
  size: 77856
  timestamp: 1781203599810
- conda: https://conda.anaconda.org/conda-forge/linux-64/libffi-3.7.0-h3435931_0.conda
  sha256: ac38603008bf1e99b8ed379b1a656a67a70e2841f2b6a069c630cdf6316012d2
  md5: 0abe40a9880086ca4d2e5daf09dceff9
  depends:
  - __glibc >=2.17,<3.0.a0
  - libgcc >=14
  license: MIT
  license_family: MIT
  purls: []
  run_exports:
    weak:
    - libffi >=3.7.0,<3.8.0a0
  size: 67576
  timestamp: 1783520858222
- conda: https://conda.anaconda.org/conda-forge/linux-64/libgcc-16.1.0-ha9f2e26_3.conda
  sha256: af35751596409fc1a1a81a32b7f1e195bca7f648dfe7c64f8ec4848b3a5003f8
  md5: c471b242d299f8bc1e2b3e0f6e9f4b77
  depends:
  - __glibc >=2.17,<3.0.a0
  - _openmp_mutex >=4.5
  constrains:
  - libgcc-ng ==16.1.0=*_3
  - libgomp 16.1.0 he0feb66_3
  license: GPL-3.0-only WITH GCC-exception-3.1
  license_family: GPL
  purls: []
  run_exports: {}
  size: 1058775
  timestamp: 1787329503824
- conda: https://conda.anaconda.org/conda-forge/linux-64/libgomp-16.1.0-he0feb66_3.conda
  sha256: 5998d3e2ef3ffcae6cd794c87f12acdd7220e69f7685a8ccef3cd2c5f6252831
  md5: 593dc8ed1ed687d4ffff6b8d2fce9d9f
  depends:
  - __glibc >=2.17,<3.0.a0
  license: GPL-3.0-only WITH GCC-exception-3.1
  license_family: GPL
  purls: []
  run_exports:
    strong:
    - _openmp_mutex >=4.5
  size: 641537
  timestamp: 1787329444295
- conda: https://conda.anaconda.org/conda-forge/linux-64/libiconv-1.18-h0cb94f2_3.conda
  sha256: f943117edb9cd4d9c61cc972eee5a34291dc55ea7a6e9e38da104995841cbcb6
  md5: f92233bf33e24a25668bb2119e2c51f9
  depends:
  - __glibc >=2.17,<3.0.a0
  - libgcc >=15
  license: LGPL-2.1-only
  purls: []
  run_exports:
    weak:
    - libiconv >=1.18,<2.0a0
  size: 789471
  timestamp: 1787033836207
- conda: https://conda.anaconda.org/conda-forge/linux-64/liblzma-5.8.3-hb03c661_1.conda
  sha256: 9787df8c22a59c9a70d3e5a10db9ad663485e75e9ccc3f09bd092cb7b95e0dab
  md5: 1390b7c5ac0b1d8e447bc5efa6d3c8c2
  depends:
  - __glibc >=2.17,<3.0.a0
  - libgcc >=14
  constrains:
  - xz 5.8.3.*
  license: 0BSD
  purls: []
  run_exports:
    weak:
    - liblzma >=5.8.3,<6.0a0
  size: 112995
  timestamp: 1786348617826
- conda: https://conda.anaconda.org/conda-forge/linux-64/libnsl-2.0.1-hb9d3cd8_1.conda
  sha256: 927fe72b054277cde6cb82597d0fcf6baf127dcbce2e0a9d8925a68f1265eef5
  md5: d864d34357c3b65a4b731f78c0801dc4
  depends:
  - __glibc >=2.17,<3.0.a0
  - libgcc >=13
  license: LGPL-2.1-only
  license_family: GPL
  purls: []
  run_exports:
    weak:
    - libnsl >=2.0.1,<2.1.0a0
  size: 33731
  timestamp: 1750274110928
- conda: https://conda.anaconda.org/conda-forge/linux-64/libsqlite-3.53.4-h13e7031_1.conda
  sha256: f20d70da54e5b31dd4a51fb1efeaafafd5ab6dd8d7ac9d1438eaa2526ac4ed3d
  md5: e72bbec309c2b0f37823ee7d4fabfcd3
  depends:
  - __glibc >=2.17,<3.0.a0
  - icu >=78.3,<79.0a0
  - libgcc >=15
  - libzlib >=1.3.2,<2.0a0
  license: blessing
  purls: []
  run_exports:
    weak:
    - libsqlite >=3.53.4,<4.0a0
  size: 974348
  timestamp: 1787051145557
- conda: https://conda.anaconda.org/conda-forge/linux-64/libssh2-1.11.1-h6154650_1.conda
  sha256: 7e463000fa1cba3f3a6597b776f6ab301d425a96e3bc20d0d9d76a3b9f237aa3
  md5: 5c526561e1d2a2e071941174eae84557
  depends:
  - __glibc >=2.17,<3.0.a0
  - libgcc >=14
  - libzlib >=1.3.2,<2.0a0
  - openssl >=3.5.7,<4.0a0
  license: BSD-3-Clause
  license_family: BSD
  purls: []
  run_exports:
    weak:
    - libssh2 >=1.11.1,<2.0a0
  size: 306045
  timestamp: 1786713107897
- conda: https://conda.anaconda.org/conda-forge/linux-64/libstdcxx-16.1.0-h934c35e_3.conda
  sha256: 6e98c0283244b5f8bbc0e86f7cba4d4921136bfbabf8da42b898a7a1f10be949
  md5: 470d16b28d90ad4368df1aa5bc7ec18d
  depends:
  - __glibc >=2.17,<3.0.a0
  - libgcc 16.1.0 ha9f2e26_3
  constrains:
  - libstdcxx-ng ==16.1.0=*_3
  license: GPL-3.0-only WITH GCC-exception-3.1
  license_family: GPL
  purls: []
  run_exports: {}
  size: 6626421
  timestamp: 1787329526353
- conda: https://conda.anaconda.org/conda-forge/linux-64/libuuid-2.42.2-h5347b49_0.conda
  sha256: 9b1bdce27a7e31f7d241aeecff67a1f3101d52a2b1e33ccc2cdf2613072bf81f
  md5: 01bb81d12c957de066ea7362007df642
  depends:
  - libgcc >=14
  - __glibc >=2.17,<3.0.a0
  license: BSD-3-Clause
  license_family: BSD
  purls: []
  run_exports:
    weak:
    - libuuid >=2.42.2,<3.0a0
  size: 40017
  timestamp: 1781625522462
- conda: https://conda.anaconda.org/conda-forge/linux-64/libxcrypt-4.4.38-h280c20c_0.conda
  sha256: f7e9292dd219a6435bbb1223da9586c3e70d66d169c5a92f08db3f2127df04e9
  md5: f7a7ff5a6ab331e037abd34f379a631d
  depends:
  - libgcc >=14
  - __glibc >=2.17,<3.0.a0
  license: LGPL-2.1-or-later
  purls: []
  run_exports:
    weak:
    - libxcrypt >=4.4.38
  size: 101957
  timestamp: 1785887123445
- conda: https://conda.anaconda.org/conda-forge/linux-64/libxml2-16-2.15.3-hca6bf5a_1.conda
  sha256: 087d4de023f22d6a28b9e1b818961dd41e9bda6e9793590600ff16ca150bf9cb
  md5: 20e4d67ec908f0405124f11612c48305
  depends:
  - __glibc >=2.17,<3.0.a0
  - icu >=78.3,<79.0a0
  - libgcc >=14
  - libiconv >=1.18,<2.0a0
  - liblzma >=5.8.3,<6.0a0
  - libzlib >=1.3.2,<2.0a0
  constrains:
  - libxml2 2.15.3
  license: MIT
  license_family: MIT
  purls: []
  run_exports: {}
  size: 559721
  timestamp: 1787237579170
- conda: https://conda.anaconda.org/conda-forge/linux-64/libxml2-2.15.3-h49c6c72_1.conda
  sha256: a16a576a5844a3a0e1cdfc5e162b9fe9c64dccf6a93f44c293bb42851aebe2b4
  md5: 2d34cdb31014cbc8f1e9384c89ede0a5
  depends:
  - __glibc >=2.17,<3.0.a0
  - icu >=78.3,<79.0a0
  - libgcc >=14
  - libiconv >=1.18,<2.0a0
  - liblzma >=5.8.3,<6.0a0
  - libxml2-16 2.15.3 hca6bf5a_1
  - libzlib >=1.3.2,<2.0a0
  license: MIT
  license_family: MIT
  purls: []
  run_exports:
    weak:
    - libxml2
    - libxml2-16 >=2.15.3
  size: 46203
  timestamp: 1787237584107
- conda: https://conda.anaconda.org/conda-forge/linux-64/libzlib-1.3.2-h25fd6f3_3.conda
  sha256: eb8a0db0aa570124f7d2a93d7c7f596e3390df5e047818d873baad32985fc736
  md5: 0de0122d9570a8ab637c6b73db268389
  depends:
  - __glibc >=2.17,<3.0.a0
  constrains:
  - zlib 1.3.2 *_3
  license: Zlib
  license_family: Other
  purls: []
  run_exports:
    weak:
    - libzlib >=1.3.2,<2.0a0
  size: 63713
  timestamp: 1785362952714
- conda: https://conda.anaconda.org/conda-forge/linux-64/ncurses-6.6-hdb14827_1.conda
  sha256: 5d46557214ed184381dafe835b7c94a474a1c3b307a08a250b1ea4779b44ffb3
  md5: ee6c0cd80a60961a1f48aa3e0b91f986
  depends:
  - __glibc >=2.17,<3.0.a0
  - libgcc >=14
  license: X11 AND BSD-3-Clause
  purls: []
  run_exports:
    weak:
    - ncurses >=6.6,<7.0a0
  size: 911196
  timestamp: 1786355078102
- conda: https://conda.anaconda.org/conda-forge/linux-64/openssl-3.6.3-h35e630c_1.conda
  sha256: 012096056b97abf1f68c46b7146bd2cbd68c1be762340b4f5dad4fbbe99177bc
  md5: c5955c27917ff2234def47f075e71e02
  depends:
  - __glibc >=2.17,<3.0.a0
  - ca-certificates
  - libgcc >=14
  license: Apache-2.0
  license_family: Apache
  purls: []
  run_exports:
    weak:
    - openssl >=3.6.3,<4.0a0
  size: 3182423
  timestamp: 1785913583650
- conda: https://conda.anaconda.org/conda-forge/linux-64/python-3.12.14-h8ab3286_0_cpython.conda
  sha256: ceb9c724de53ee3560f121dbfcb00fe8acb22c08691158fce7b6c32425855626
  md5: e9dcdd23a1c68738eb3257d23d5f7285
  depends:
  - __glibc >=2.17,<3.0.a0
  - bzip2 >=1.0.8,<2.0a0
  - ld_impl_linux-64 >=2.36.1
  - libexpat >=2.8.1,<3.0a0
  - libffi >=3.7.0,<3.8.0a0
  - libgcc >=14
  - liblzma >=5.8.3,<6.0a0
  - libnsl >=2.0.1,<2.1.0a0
  - libsqlite >=3.53.4,<4.0a0
  - libuuid >=2.42.2,<3.0a0
  - libxcrypt >=4.4.38
  - libzlib >=1.3.2,<2.0a0
  - ncurses >=6.6,<7.0a0
  - openssl >=3.5.7,<4.0a0
  - readline >=8.3,<9.0a0
  - tk >=8.6.13,<8.7.0a0
  - tzdata
  constrains:
  - python_abi 3.12.* *_cp312
  license: Python-2.0
  purls: []
  run_exports:
    weak:
    - python_abi 3.12.* *_cp312
    noarch:
    - python
  size: 31590137
  timestamp: 1787353586056
- conda: https://conda.anaconda.org/conda-forge/linux-64/readline-8.3-hd6e31c0_1.conda
  sha256: 01b3fe073a66e321970d09e04b388708f8cbdca5cdfbfcb7c9eeb470ad10383d
  md5: 69c01c781e7c8190bbdaf79e3848c5ca
  depends:
  - __glibc >=2.17,<3.0.a0
  - libgcc >=15
  - ncurses >=6.6,<7.0a0
  license: GPL-3.0-only
  license_family: GPL
  purls: []
  run_exports:
    weak:
    - readline >=8.3,<9.0a0
  size: 348899
  timestamp: 1787033801506
- conda: https://conda.anaconda.org/conda-forge/linux-64/tk-8.6.13-noxft_h1df4ec4_4.conda
  build_number: 104
  sha256: a1a241d172c1ccab067ba245206dd048bc3c2d1b84504b53c9468e99adfc16a1
  md5: 676a2f9b1c4fcf57b70aa5c65f6c60d0
  depends:
  - libgcc >=15
  - __glibc >=2.17,<3.0.a0
  - libzlib >=1.3.2,<2.0a0
  constrains:
  - xorg-libx11 >=1.8.13,<2.0a0
  license: TCL
  purls: []
  run_exports:
    weak:
    - tk >=8.6.13,<8.7.0a0
  size: 3566806
  timestamp: 1787272857910
- conda: https://conda.anaconda.org/conda-forge/linux-64/zstd-1.5.7-hb78ec9c_7.conda
  sha256: 47d682b9f6d6ec9eb1a6e6c3e75ea6273e899e78fb7fc59f81d39745009fbc60
  md5: aa459086047c0e5e27023ab19f8cb86a
  depends:
  - __glibc >=2.17,<3.0.a0
  - libzlib >=1.3.2,<2.0a0
  license: BSD-3-Clause
  license_family: BSD
  purls: []
  run_exports:
    weak:
    - zstd >=1.5.7,<1.6.0a0
  size: 601301
  timestamp: 1786599621503
- conda: https://conda.anaconda.org/conda-forge/noarch/ca-certificates-2026.7.22-hbd8a1cb_0.conda
  sha256: 0a0544cf95f64394fe4959286f5c71f5444ad58feb0602e53becb27448d24da6
  md5: 0f51e2391ade309db462a55611263e9c
  depends:
  - __unix
  license: ISC
  purls: []
  run_exports: {}
  size: 131780
  timestamp: 1784754889428
- conda: https://conda.anaconda.org/conda-forge/noarch/pixi-pycharm-0.0.12-unix_hf108a03_0.conda
  sha256: 66cd439b83657c2728d0e45e4e40d140eb33dd22b61b045b23f922cae51bb503
  md5: a92eadbeec2c489f209382433acf14a5
  depends:
  - __unix
  - python >=3.8
  license: BSD-3-Clause
  license_family: BSD
  purls: []
  run_exports: {}
  size: 7177
  timestamp: 1783850404460
- conda: https://conda.anaconda.org/conda-forge/noarch/tzdata-2026c-h151e31d_0.conda
  sha256: b928c30ddcb0e3f544c6eade8352737e6e610e263276b90232db6a578ef899d8
  md5: fcb489df604d100968b737f2cb6076c6
  license: LicenseRef-Public-Domain
  purls: []
  run_exports: {}
  size: 118849
  timestamp: 1784250406640
- pypi: ./
  name: onedrive-staginger
  requires_dist:
  - aioaria2>=1.3.7,<1.4
  - aiohttp>=3.14,<4
  - aiolimiter>=1.2,<2
  - peewee>=3.18,<4
  - pyyaml>=6,<7
  - quickxorhash>=1.0.5,<2
  - rich>=13,<14
  requires_python: '>=3.12.0,<3.13'
- pypi: https://files.pythonhosted.org/packages/14/15/5574111ae50dd6e879456888c0eadd4c5a869959775854e18e18a6b345f3/propcache-0.5.2-cp312-cp312-manylinux2014_x86_64.manylinux_2_17_x86_64.manylinux_2_28_x86_64.whl
  name: propcache
  version: 0.5.2
  sha256: 6f328175a2cde1f0ff2c4ed8ce968b9dcfb55f3a7153f39e2957ed994da13476
  requires_python: '>=3.10'
- pypi: https://files.pythonhosted.org/packages/19/71/39c7c0d87f8d4e6c020a393182060eaefeeae6c01dab6a84ec346f2567df/rich-13.9.4-py3-none-any.whl
  name: rich
  version: 13.9.4
  sha256: 6049d5e6ec054bf2779ab3358186963bac2ea89175919d699e378b99738c2a90
  requires_dist:
  - ipywidgets>=7.5.1,<9 ; extra == 'jupyter'
  - markdown-it-py>=2.2.0
  - pygments>=2.13.0,<3.0.0
  - typing-extensions>=4.0.0,<5.0 ; python_full_version < '3.11'
  requires_python: '>=3.8.0'
- pypi: https://files.pythonhosted.org/packages/1a/41/19c65578ef9a54b3083253c68a607f099642747168fe00f3a2bceb7c3a34/peewee-3.19.0-py3-none-any.whl
  name: peewee
  version: 3.19.0
  sha256: de220b94766e6008c466e00ce4ba5299b9a832117d9eb36d45d0062f3cfd7417
  requires_dist:
  - pymysql ; extra == 'mysql'
  - psycopg2-binary ; extra == 'postgres'
  - psycopg[binary] ; extra == 'psycopg3'
- pypi: https://files.pythonhosted.org/packages/49/d3/b8441a820a491ddfc024b0b0cf0393375b75ea13866d9c66727e54c2fc80/typing_extensions-4.16.0-py3-none-any.whl
  name: typing-extensions
  version: 4.16.0
  sha256: 481caa481374e813c1b176ada14e97f1f67a4539ce9cfeb3f350d78d6370c2e8
  requires_python: '>=3.9'
- pypi: https://files.pythonhosted.org/packages/52/b7/7cd31f29d6055bd711ae6e669367fba6f5ae9de463910a793e30556a8db7/aiohttp-3.14.3-cp312-cp312-manylinux2014_x86_64.manylinux_2_17_x86_64.manylinux_2_28_x86_64.whl
  name: aiohttp
  version: 3.14.3
  sha256: 543906c127fb1d929b95076db19b83fa2d46751006ff1e23b093aa5ac4d8db42
  requires_dist:
  - aiohappyeyeballs>=2.5.0
  - aiosignal>=1.4.0
  - async-timeout>=4.0,<6.0 ; python_full_version < '3.11'
  - attrs>=17.3.0
  - frozenlist>=1.1.1
  - multidict>=4.5,<7.0
  - propcache>=0.2.0
  - typing-extensions>=4.4 ; python_full_version < '3.13'
  - yarl>=1.17.0,<2.0
  - aiodns>=3.3.0 ; sys_platform != 'android' and sys_platform != 'ios' and extra == 'speedups'
  - brotli>=1.2 ; platform_python_implementation == 'CPython' and sys_platform != 'android' and sys_platform != 'ios' and extra == 'speedups'
  - brotlicffi>=1.2 ; platform_python_implementation != 'CPython' and extra == 'speedups'
  - backports-zstd ; python_full_version < '3.14' and platform_python_implementation == 'CPython' and sys_platform != 'android' and sys_platform != 'ios' and extra == 'speedups'
  requires_python: '>=3.10'
- pypi: https://files.pythonhosted.org/packages/57/b0/0e52c878c53f245edd3a11020f20979b3f490f245af532c7cae3027754b5/idna-3.19-py3-none-any.whl
  name: idna
  version: '3.19'
  sha256: 815e7be7a7806d54abb586dc943addc79e8b2ee16915059658cbeff4b1b43bf4
  requires_dist:
  - ruff>=0.16.0 ; extra == 'all'
  - mypy>=1.11.2 ; extra == 'all'
  - ty>=0.0.37 ; extra == 'all'
  - pytest>=8.3.2 ; extra == 'all'
  - hypothesis>=6.141.1 ; extra == 'all'
  - coverage>=7.10.0 ; extra == 'all'
  requires_python: '>=3.9'
- pypi: https://files.pythonhosted.org/packages/64/b4/17d4b0b2a2dc85a6df63d1157e028ed19f90d4cd97c36717afef2bc2f395/attrs-26.1.0-py3-none-any.whl
  name: attrs
  version: 26.1.0
  sha256: c647aa4a12dfbad9333ca4e71fe62ddc36f4e63b2d260a37a8b83d2f043ac309
  requires_python: '>=3.9'
- pypi: https://files.pythonhosted.org/packages/6a/bd/d91c5e39f490a49df14320f4e8c80161cfcce09f1e2cde1edd16a551abb3/frozenlist-1.8.0-cp312-cp312-manylinux1_x86_64.manylinux_2_28_x86_64.manylinux_2_5_x86_64.whl
  name: frozenlist
  version: 1.8.0
  sha256: 494a5952b1c597ba44e0e78113a7266e656b9794eec897b19ead706bd7074383
  requires_python: '>=3.9'
- pypi: https://files.pythonhosted.org/packages/71/43/1947f06babed6b3f1d7f38b0c767f52df66bfb2bc10b468c4a7de9eceff2/aiohappyeyeballs-2.7.1-py3-none-any.whl
  name: aiohappyeyeballs
  version: 2.7.1
  sha256: 9243213661e29250eb41368e5daa826fc017156c3b8a11440826b2e3ed376472
  requires_python: '>=3.10'
- pypi: https://files.pythonhosted.org/packages/71/46/17f022dd3e953bf20a04a028a21ec746d942f8d2af30fa0f124fa0e6a684/pygments-2.21.0-py3-none-any.whl
  name: pygments
  version: 2.21.0
  sha256: 2363c69b61c4a97c838da3b130dcd6468f4848992b21a82f2a63ec34377137d9
  requires_dist:
  - colorama>=0.4.6 ; extra == 'windows-terminal'
  requires_python: '>=3.9'
- pypi: https://files.pythonhosted.org/packages/8b/9d/b3589d3877982d4f2329302ef98a8026e7f4443c765c46cfecc8858c6b4b/pyyaml-6.0.3-cp312-cp312-manylinux2014_x86_64.manylinux_2_17_x86_64.manylinux_2_28_x86_64.whl
  name: pyyaml
  version: 6.0.3
  sha256: ba1cc08a7ccde2d2ec775841541641e4548226580ab850948cbfda66a1befcdc
  requires_python: '>=3.8'
- pypi: https://files.pythonhosted.org/packages/8d/85/699be9823e7c0a617efdf576d5bd38d85e7dccaed7d8caad4f854be53f44/quickxorhash-1.0.5.tar.gz
  name: quickxorhash
  version: 1.0.5
  sha256: 4d0857357bfab95d701ed145beae1fc8d8ac9386aa7475932e82e2afd96a8bb0
- pypi: https://files.pythonhosted.org/packages/a0/3d/e871f4a8c7a5737acb8de006c25698c81e496b57940d725a8c3779a4242b/aioaria2-1.3.7-py3-none-any.whl
  name: aioaria2
  version: 1.3.7
  sha256: 174138221a28d2147def90b90b4365279ab8746ce41f3c30fc93b9f7f2539370
  requires_dist:
  - aiohttp
  - aiofiles
  requires_python: '>=3.10'
- pypi: https://files.pythonhosted.org/packages/b3/38/89ba8ad64ae25be8de66a6d463314cf1eb366222074cfda9ee839c56a4b4/mdurl-0.1.2-py3-none-any.whl
  name: mdurl
  version: 0.1.2
  sha256: 84008a41e51615a49fc9966191ff91509e3c40b939176e643fd50a5c2196b8f8
  requires_python: '>=3.7'
- pypi: https://files.pythonhosted.org/packages/b3/81/4da04ced5a082363ecfa159c010d200ecbd959ae410c10c0264a38cac0f5/markdown_it_py-4.2.0-py3-none-any.whl
  name: markdown-it-py
  version: 4.2.0
  sha256: 9f7ebbcd14fe59494226453aed97c1070d83f8d24b6fc3a3bcf9a38092641c4a
  requires_dist:
  - mdurl~=0.1
  - psutil ; extra == 'benchmarking'
  - pytest ; extra == 'benchmarking'
  - pytest-benchmark ; extra == 'benchmarking'
  - commonmark~=0.9 ; extra == 'compare'
  - markdown~=3.4 ; extra == 'compare'
  - mistletoe~=1.0 ; extra == 'compare'
  - mistune~=3.0 ; extra == 'compare'
  - panflute~=2.3 ; extra == 'compare'
  - markdown-it-pyrs ; extra == 'compare'
  - linkify-it-py>=1,<3 ; extra == 'linkify'
  - mdit-py-plugins>=0.5.0 ; extra == 'plugins'
  - gprof2dot ; extra == 'profiling'
  - mdit-py-plugins>=0.5.0 ; extra == 'rtd'
  - myst-parser ; extra == 'rtd'
  - pyyaml ; extra == 'rtd'
  - sphinx ; extra == 'rtd'
  - sphinx-copybutton ; extra == 'rtd'
  - sphinx-design ; extra == 'rtd'
  - sphinx-book-theme~=1.0 ; extra == 'rtd'
  - jupyter-sphinx ; extra == 'rtd'
  - ipykernel ; extra == 'rtd'
  - coverage ; extra == 'testing'
  - pytest ; extra == 'testing'
  - pytest-cov ; extra == 'testing'
  - pytest-regressions ; extra == 'testing'
  - pytest-timeout ; extra == 'testing'
  - requests ; extra == 'testing'
  requires_python: '>=3.10'
- pypi: https://files.pythonhosted.org/packages/bc/8a/340a1555ae33d7354dbca4faa54948d76d89a27ceef032c8c3bc661d003e/aiofiles-25.1.0-py3-none-any.whl
  name: aiofiles
  version: 25.1.0
  sha256: abe311e527c862958650f9438e859c1fa7568a141b22abcd015e120e86a85695
  requires_python: '>=3.9'
- pypi: https://files.pythonhosted.org/packages/d6/d0/d56c859b8222116f5d68459199f48359e0bf121b6f65a69bf329b3602ba0/yarl-1.24.5-cp312-cp312-manylinux2014_x86_64.manylinux_2_17_x86_64.manylinux_2_28_x86_64.whl
  name: yarl
  version: 1.24.5
  sha256: f08c7513ecef5aad65687bfdf6bc601ae9fccd04a42904501f8f7141abad9eb9
  requires_dist:
  - idna>=2.0
  - multidict>=4.0
  - propcache>=0.2.1
  requires_python: '>=3.10'
- pypi: https://files.pythonhosted.org/packages/f3/8d/5e5be3ced1d12966fefb5c4ea3b2a5b480afcea36406559442c6e31d4a48/multidict-6.7.1-cp312-cp312-manylinux2014_x86_64.manylinux_2_17_x86_64.manylinux_2_28_x86_64.whl
  name: multidict
  version: 6.7.1
  sha256: bfde23ef6ed9db7eaee6c37dcec08524cb43903c60b285b172b6c094711b3961
  requires_dist:
  - typing-extensions>=4.1.0 ; python_full_version < '3.11'
  requires_python: '>=3.9'
- pypi: https://files.pythonhosted.org/packages/f3/ba/df6e8e1045aebc4778d19b8a3a9bc1808adb1619ba94ca354d9ba17d86c3/aiolimiter-1.2.1-py3-none-any.whl
  name: aiolimiter
  version: 1.2.1
  sha256: d3f249e9059a20badcb56b61601a83556133655c11d1eb3dd3e04ff069e5f3c7
  requires_python: '>=3.8,<4.0'
- pypi: https://files.pythonhosted.org/packages/fb/76/641ae371508676492379f16e2fa48f4e2c11741bd63c48be4b12a6b09cba/aiosignal-1.4.0-py3-none-any.whl
  name: aiosignal
  version: 1.4.0
  sha256: 053243f8b92b990551949e63930a839ff0cf0b0ebbe0597b0f3fb19e1a0fe82e
  requires_dist:
  - frozenlist>=1.1.0
  - typing-extensions>=4.2 ; python_full_version < '3.13'
  requires_python: '>=3.9'
